// !$*UTF8*$!
{
	archiveVersion = 1;
	classes = {
	};
	objectVersion = 46;
	objects = {

/* Begin PBXBuildFile section */
		C28078B71D1A57A60088A3EB /* AppDelegate.swift in Sources */ = {isa = PBXBuildFile; fileRef = C28078B61D1A57A60088A3EB /* AppDelegate.swift */; };
		C28078B91D1A57A60088A3EB /* ViewController.swift in Sources */ = {isa = PBXBuildFile; fileRef = C28078B81D1A57A60088A3EB /* ViewController.swift */; };
		C28078BC1D1A57A60088A3EB /* Main.storyboard in Resources */ = {isa = PBXBuildFile; fileRef = C28078BA1D1A57A60088A3EB /* Main.storyboard */; };
		C28078BE1D1A57A60088A3EB /* Assets.xcassets in Resources */ = {isa = PBXBuildFile; fileRef = C28078BD1D1A57A60088A3EB /* Assets.xcassets */; };
		C28078C11D1A57A60088A3EB /* LaunchScreen.storyboard in Resources */ = {isa = PBXBuildFile; fileRef = C28078BF1D1A57A60088A3EB /* LaunchScreen.storyboard */; };
		C28078CC1D1A57A60088A3EB /* finderTests.swift in Sources */ = {isa = PBXBuildFile; fileRef = C28078CB1D1A57A60088A3EB /* finderTests.swift */; };
		C28078D71D1A57A60088A3EB /* finderUITests.swift in Sources */ = {isa = PBXBuildFile; fileRef = C28078D61D1A57A60088A3EB /* finderUITests.swift */; };
		C28078E51D1A57BD0088A3EB /* SystemConfiguration.framework in Frameworks */ = {isa = PBXBuildFile; fileRef = C28078E41D1A57BD0088A3EB /* SystemConfiguration.framework */; };
		C28078E71D1A57C40088A3EB /* CoreMotion.framework in Frameworks */ = {isa = PBXBuildFile; fileRef = C28078E61D1A57C40088A3EB /* CoreMotion.framework */; };
		C28078E91D1A57CB0088A3EB /* CoreLocation.framework in Frameworks */ = {isa = PBXBuildFile; fileRef = C28078E81D1A57CB0088A3EB /* CoreLocation.framework */; };
/* End PBXBuildFile section */

/* Begin PBXContainerItemProxy section */
		C28078C81D1A57A60088A3EB /* PBXContainerItemProxy */ = {
			isa = PBXContainerItemProxy;
			containerPortal = C28078AB1D1A57A60088A3EB /* Project object */;
			proxyType = 1;
			remoteGlobalIDString = C28078B21D1A57A60088A3EB;
			remoteInfo = finder;
		};
		C28078D31D1A57A60088A3EB /* PBXContainerItemProxy */ = {
			isa = PBXContainerItemProxy;
			containerPortal = C28078AB1D1A57A60088A3EB /* Project object */;
			proxyType = 1;
			remoteGlobalIDString = C28078B21D1A57A60088A3EB;
			remoteInfo = finder;
		};
/* End PBXContainerItemProxy section */

/* Begin PBXFileReference section */
		C28078B31D1A57A60088A3EB /* finder.app */ = {isa = PBXFileReference; explicitFileType = wrapper.application; includeInIndex = 0; path = finder.app; sourceTree = BUILT_PRODUCTS_DIR; };
		C28078B61D1A57A60088A3EB /* AppDelegate.swift */ = {isa = PBXFileReference; lastKnownFileType = sourcecode.swift; path = AppDelegate.swift; sourceTree = "<group>"; };
		C28078B81D1A57A60088A3EB /* ViewController.swift */ = {isa = PBXFileReference; lastKnownFileType = sourcecode.swift; path = ViewController.swift; sourceTree = "<group>"; };
		C28078BB1D1A57A60088A3EB /* Base */ = {isa = PBXFileReference; lastKnownFileType = file.storyboard; name = Base; path = Base.lproj/Main.storyboard; sourceTree = "<group>"; };
		C28078BD1D1A57A60088A3EB /* Assets.xcassets */ = {isa = PBXFileReference; lastKnownFileType = folder.assetcatalog; path = Assets.xcassets; sourceTree = "<group>"; };
		C28078C01D1A57A60088A3EB /* Base */ = {isa = PBXFileReference; lastKnownFileType = file.storyboard; name = Base; path = Base.lproj/LaunchScreen.storyboard; sourceTree = "<group>"; };
		C28078C21D1A57A60088A3EB /* Info.plist */ = {isa = PBXFileReference; lastKnownFileType = text.plist.xml; path = Info.plist; sourceTree = "<group>"; };
		C28078C71D1A57A60088A3EB /* finderTests.xctest */ = {isa = PBXFileReference; explicitFileType = wrapper.cfbundle; includeInIndex = 0; path = finderTests.xctest; sourceTree = BUILT_PRODUCTS_DIR; };
		C28078CB1D1A57A60088A3EB /* finderTests.swift */ = {isa = PBXFileReference; lastKnownFileType = sourcecode.swift; path = finderTests.swift; sourceTree = "<group>"; };
		C28078CD1D1A57A60088A3EB /* Info.plist */ = {isa = PBXFileReference; lastKnownFileType = text.plist.xml; path = Info.plist; sourceTree = "<group>"; };
		C28078D21D1A57A60088A3EB /* finderUITests.xctest */ = {isa = PBXFileReference; explicitFileType = wrapper.cfbundle; includeInIndex = 0; path = finderUITests.xctest; sourceTree = BUILT_PRODUCTS_DIR; };
		C28078D61D1A57A60088A3EB /* finderUITests.swift */ = {isa = PBXFileReference; lastKnownFileType = sourcecode.swift; path = finderUITests.swift; sourceTree = "<group>"; };
		C28078D81D1A57A60088A3EB /* Info.plist */ = {isa = PBXFileReference; lastKnownFileType = text.plist.xml; path = Info.plist; sourceTree = "<group>"; };
		C28078E41D1A57BD0088A3EB /* SystemConfiguration.framework */ = {isa = PBXFileReference; lastKnownFileType = wrapper.framework; name = SystemConfiguration.framework; path = System/Library/Frameworks/SystemConfiguration.framework; sourceTree = SDKROOT; };
		C28078E61D1A57C40088A3EB /* CoreMotion.framework */ = {isa = PBXFileReference; lastKnownFileType = wrapper.framework; name = CoreMotion.framework; path = System/Library/Frameworks/CoreMotion.framework; sourceTree = SDKROOT; };
		C28078E81D1A57CB0088A3EB /* CoreLocation.framework */ = {isa = PBXFileReference; lastKnownFileType = wrapper.framework; name = CoreLocation.framework; path = System/Library/Frameworks/CoreLocation.framework; sourceTree = SDKROOT; };
/* End PBXFileReference section */

/* Begin PBXFrameworksBuildPhase section */
		C28078B01D1A57A60088A3EB /* Frameworks */ = {
			isa = PBXFrameworksBuildPhase;
			buildActionMask = 2147483647;
			files = (
				C28078E91D1A57CB0088A3EB /* CoreLocation.framework in Frameworks */,
				C28078E71D1A57C40088A3EB /* CoreMotion.framework in Frameworks */,
				C28078E51D1A57BD0088A3EB /* SystemConfiguration.framework in Frameworks */,
			);
			runOnlyForDeploymentPostprocessing = 0;
		};
		C28078C41D1A57A60088A3EB /* Frameworks */ = {
			isa = PBXFrameworksBuildPhase;
			buildActionMask = 2147483647;
			files = (
			);
			runOnlyForDeploymentPostprocessing = 0;
		};
		C28078CF1D1A57A60088A3EB /* Frameworks */ = {
			isa = PBXFrameworksBuildPhase;
			buildActionMask = 2147483647;
			files = (
			);
			runOnlyForDeploymentPostprocessing = 0;
		};
/* End PBXFrameworksBuildPhase section */

/* Begin PBXGroup section */
		C28078AA1D1A57A60088A3EB = {
			isa = PBXGroup;
			children = (
				C28078E81D1A57CB0088A3EB /* CoreLocation.framework */,
				C28078E61D1A57C40088A3EB /* CoreMotion.framework */,
				C28078E41D1A57BD0088A3EB /* SystemConfiguration.framework */,
				C28078B51D1A57A60088A3EB /* finder */,
				C28078CA1D1A57A60088A3EB /* finderTests */,
				C28078D51D1A57A60088A3EB /* finderUITests */,
				C28078B41D1A57A60088A3EB /* Products */,
			);
			sourceTree = "<group>";
		};
		C28078B41D1A57A60088A3EB /* Products */ = {
			isa = PBXGroup;
			children = (
				C28078B31D1A57A60088A3EB /* finder.app */,
				C28078C71D1A57A60088A3EB /* finderTests.xctest */,
				C28078D21D1A57A60088A3EB /* finderUITests.xctest */,
			);
			name = Products;
			sourceTree = "<group>";
		};
		C28078B51D1A57A60088A3EB /* finder */ = {
			isa = PBXGroup;
			children = (
				C28078B61D1A57A60088A3EB /* AppDelegate.swift */,
				C28078B81D1A57A60088A3EB /* ViewController.swift */,
				C28078BA1D1A57A60088A3EB /* Main.storyboard */,
				C28078BD1D1A57A60088A3EB /* Assets.xcassets */,
				C28078BF1D1A57A60088A3EB /* LaunchScreen.storyboard */,
				C28078C21D1A57A60088A3EB /* Info.plist */,
			);
			path = finder;
			sourceTree = "<group>";
		};
		C28078CA1D1A57A60088A3EB /* finderTests */ = {
			isa = PBXGroup;
			children = (
				C28078CB1D1A57A60088A3EB /* finderTests.swift */,
				C28078CD1D1A57A60088A3EB /* Info.plist */,
			);
			path = finderTests;
			sourceTree = "<group>";
		};
		C28078D51D1A57A60088A3EB /* finderUITests */ = {
			isa = PBXGroup;
			children = (
				C28078D61D1A57A60088A3EB /* finderUITests.swift */,
				C28078D81D1A57A60088A3EB /* Info.plist */,
			);
			path = finderUITests;
			sourceTree = "<group>";
		};
/* End PBXGroup section */

/* Begin PBXNativeTarget section */
		C28078B21D1A57A60088A3EB /* finder */ = {
			isa = PBXNativeTarget;
			buildConfigurationList = C28078DB1D1A57A60088A3EB /* Build configuration list for PBXNativeTarget "finder" */;
			buildPhases = (
				C28078AF1D1A57A60088A3EB /* Sources */,
				C28078B01D1A57A60088A3EB /* Frameworks */,
				C28078B11D1A57A60088A3EB /* Resources */,
			);
			buildRules = (
			);
			dependencies = (
			);
			name = finder;
			productName = finder;
			productReference = C28078B31D1A57A60088A3EB /* finder.app */;
			productType = "com.apple.product-type.application";
		};
		C28078C61D1A57A60088A3EB /* finderTests */ = {
			isa = PBXNativeTarget;
			buildConfigurationList = C28078DE1D1A57A60088A3EB /* Build configuration list for PBXNativeTarget "finderTests" */;
			buildPhases = (
				C28078C31D1A57A60088A3EB /* Sources */,
				C28078C41D1A57A60088A3EB /* Frameworks */,
				C28078C51D1A57A60088A3EB /* Resources */,
			);
			buildRules = (
			);
			dependencies = (
				C28078C91D1A57A60088A3EB /* PBXTargetDependency */,
			);
			name = finderTests;
			productName = finderTests;
			productReference = C28078C71D1A57A60088A3EB /* finderTests.xctest */;
			productType = "com.apple.product-type.bundle.unit-test";
		};
		C28078D11D1A57A60088A3EB /* finderUITests */ = {
			isa = PBXNativeTarget;
			buildConfigurationList = C28078E11D1A57A60088A3EB /* Build configuration list for PBXNativeTarget "finderUITests" */;
			buildPhases = (
				C28078CE1D1A57A60088A3EB /* Sources */,
				C28078CF1D1A57A60088A3EB /* Frameworks */,
				C28078D01D1A57A60088A3EB /* Resources */,
			);
			buildRules = (
			);
			dependencies = (
				C28078D41D1A57A60088A3EB /* PBXTargetDependency */,
			);
			name = finderUITests;
			productName = finderUITests;
			productReference = C28078D21D1A57A60088A3EB /* finderUITests.xctest */;
			productType = "com.apple.product-type.bundle.ui-testing";
		};
/* End PBXNativeTarget section */

/* Begin PBXProject section */
		C28078AB1D1A57A60088A3EB /* Project object */ = {
			isa = PBXProject;
			attributes = {
				LastSwiftUpdateCheck = 0730;
				LastUpgradeCheck = 0730;
				ORGANIZATIONNAME = "Shunya Matsuno";
				TargetAttributes = {
					C28078B21D1A57A60088A3EB = {
						CreatedOnToolsVersion = 7.3.1;
						DevelopmentTeam = G2T9ZRCKM3;
					};
					C28078C61D1A57A60088A3EB = {
						CreatedOnToolsVersion = 7.3.1;
						TestTargetID = C28078B21D1A57A60088A3EB;
					};
					C28078D11D1A57A60088A3EB = {
						CreatedOnToolsVersion = 7.3.1;
						TestTargetID = C28078B21D1A57A60088A3EB;
					};
				};
			};
			buildConfigurationList = C28078AE1D1A57A60088A3EB /* Build configuration list for PBXProject "finder" */;
			compatibilityVersion = "Xcode 3.2";
			developmentRegion = English;
			hasScannedForEncodings = 0;
			knownRegions = (
				en,
				Base,
			);
			mainGroup = C28078AA1D1A57A60088A3EB;
			productRefGroup = C28078B41D1A57A60088A3EB /* Products */;
			projectDirPath = "";
			projectRoot = "";
			targets = (
				C28078B21D1A57A60088A3EB /* finder */,
				C28078C61D1A57A60088A3EB /* finderTests */,
				C28078D11D1A57A60088A3EB /* finderUITests */,
			);
		};
/* End PBXProject section */

/* Begin PBXResourcesBuildPhase section */
		C28078B11D1A57A60088A3EB /* Resources */ = {
			isa = PBXResourcesBuildPhase;
			buildActionMask = 2147483647;
			files = (
				C28078C11D1A57A60088A3EB /* LaunchScreen.storyboard in Resources */,
				C28078BE1D1A57A60088A3EB /* Assets.xcassets in Resources */,
				C28078BC1D1A57A60088A3EB /* Main.storyboard in Resources */,
			);
			runOnlyForDeploymentPostprocessing = 0;
		};
		C28078C51D1A57A60088A3EB /* Resources */ = {
			isa = PBXResourcesBuildPhase;
			buildActionMask = 2147483647;
			files = (
			);
			runOnlyForDeploymentPostprocessing = 0;
		};
		C28078D01D1A57A60088A3EB /* Resources */ = {
			isa = PBXResourcesBuildPhase;
			buildActionMask = 2147483647;
			files = (
			);
			runOnlyForDeploymentPostprocessing = 0;
		};
/* End PBXResourcesBuildPhase section */

/* Begin PBXSourcesBuildPhase section */
		C28078AF1D1A57A60088A3EB /* Sources */ = {
			isa = PBXSourcesBuildPhase;
			buildActionMask = 2147483647;
			files = (
				C28078B91D1A57A60088A3EB /* ViewController.swift in Sources */,
				C28078B71D1A57A60088A3EB /* AppDelegate.swift in Sources */,
			);
			runOnlyForDeploymentPostprocessing = 0;
		};
		C28078C31D1A57A60088A3EB /* Sources */ = {
			isa = PBXSourcesBuildPhase;
			buildActionMask = 2147483647;
			files = (
				C28078CC1D1A57A60088A3EB /* finderTests.swift in Sources */,
			);
			runOnlyForDeploymentPostprocessing = 0;
		};
		C28078CE1D1A57A60088A3EB /* Sources */ = {
			isa = PBXSourcesBuildPhase;
			buildActionMask = 2147483647;
			files = (
				C28078D71D1A57A60088A3EB /* finderUITests.swift in Sources */,
			);
			runOnlyForDeploymentPostprocessing = 0;
		};
/* End PBXSourcesBuildPhase section */

/* Begin PBXTargetDependency section */
		C28078C91D1A57A60088A3EB /* PBXTargetDependency */ = {
			isa = PBXTargetDependency;
			target = C28078B21D1A57A60088A3EB /* finder */;
			targetProxy = C28078C81D1A57A60088A3EB /* PBXContainerItemProxy */;
		};
		C28078D41D1A57A60088A3EB /* PBXTargetDependency */ = {
			isa = PBXTargetDependency;
			target = C28078B21D1A57A60088A3EB /* finder */;
			targetProxy = C28078D31D1A57A60088A3EB /* PBXContainerItemProxy */;
		};
/* End PBXTargetDependency section */

/* Begin PBXVariantGroup section */
		C28078BA1D1A57A60088A3EB /* Main.storyboard */ = {
			isa = PBXVariantGroup;
			children = (
				C28078BB1D1A57A60088A3EB /* Base */,
			);
			name = Main.storyboard;
			sourceTree = "<group>";
		};
		C28078BF1D1A57A60088A3EB /* LaunchScreen.storyboard */ = {
			isa = PBXVariantGroup;
			children = (
				C28078C01D1A57A60088A3EB /* Base */,
			);
			name = LaunchScreen.storyboard;
			sourceTree = "<group>";
		};
/* End PBXVariantGroup section */

/* Begin XCBuildConfiguration section */
		C28078D91D1A57A60088A3EB /* Debug */ = {
			isa = XCBuildConfiguration;
			buildSettings = {
				ALWAYS_SEARCH_USER_PATHS = NO;
				CLANG_ANALYZER_NONNULL = YES;
				CLANG_CXX_LANGUAGE_STANDARD = "gnu++0x";
				CLANG_CXX_LIBRARY = "libc++";
				CLANG_ENABLE_MODULES = YES;
				CLANG_ENABLE_OBJC_ARC = YES;
				CLANG_WARN_BOOL_CONVERSION = YES;
				CLANG_WARN_CONSTANT_CONVERSION = YES;
				CLANG_WARN_DIRECT_OBJC_ISA_USAGE = YES_ERROR;
				CLANG_WARN_EMPTY_BODY = YES;
				CLANG_WARN_ENUM_CONVERSION = YES;
				CLANG_WARN_INT_CONVERSION = YES;
				CLANG_WARN_OBJC_ROOT_CLASS = YES_ERROR;
				CLANG_WARN_UNREACHABLE_CODE = YES;
				CLANG_WARN__DUPLICATE_METHOD_MATCH = YES;
				"CODE_SIGN_IDENTITY[sdk=iphoneos*]" = "iPhone Developer";
				COPY_PHASE_STRIP = NO;
				DEBUG_INFORMATION_FORMAT = dwarf;
				ENABLE_STRICT_OBJC_MSGSEND = YES;
				ENABLE_TESTABILITY = YES;
				GCC_C_LANGUAGE_STANDARD = gnu99;
				GCC_DYNAMIC_NO_PIC = NO;
				GCC_NO_COMMON_BLOCKS = YES;
				GCC_OPTIMIZATION_LEVEL = 0;
				GCC_PREPROCESSOR_DEFINITIONS = (
					"DEBUG=1",
					"$(inherited)",
				);
				GCC_WARN_64_TO_32_BIT_CONVERSION = YES;
				GCC_WARN_ABOUT_RETURN_TYPE = YES_ERROR;
				GCC_WARN_UNDECLARED_SELECTOR = YES;
				GCC_WARN_UNINITIALIZED_AUTOS = YES_AGGRESSIVE;
				GCC_WARN_UNUSED_FUNCTION = YES;
				GCC_WARN_UNUSED_VARIABLE = YES;
				IPHONEOS_DEPLOYMENT_TARGET = 9.3;
				MTL_ENABLE_DEBUG_INFO = YES;
				ONLY_ACTIVE_ARCH = YES;
				SDKROOT = iphoneos;
				SWIFT_OPTIMIZATION_LEVEL = "-Onone";
			};
			name = Debug;
		};
		C28078DA1D1A57A60088A3EB /* Release */ = {
			isa = XCBuildConfiguration;
			buildSettings = {
				ALWAYS_SEARCH_USER_PATHS = NO;
				CLANG_ANALYZER_NONNULL = YES;
				CLANG_CXX_LANGUAGE_STANDARD = "gnu++0x";
				CLANG_CXX_LIBRARY = "libc++";
				CLANG_ENABLE_MODULES = YES;
				CLANG_ENABLE_OBJC_ARC = YES;
				CLANG_WARN_BOOL_CONVERSION = YES;
				CLANG_WARN_CONSTANT_CONVERSION = YES;
				CLANG_WARN_DIRECT_OBJC_ISA_USAGE = YES_ERROR;
				CLANG_WARN_EMPTY_BODY = YES;
				CLANG_WARN_ENUM_CONVERSION = YES;
				CLANG_WARN_INT_CONVERSION = YES;
				CLANG_WARN_OBJC_ROOT_CLASS = YES_ERROR;
				CLANG_WARN_UNREACHABLE_CODE = YES;
				CLANG_WARN__DUPLICATE_METHOD_MATCH = YES;
				"CODE_SIGN_IDENTITY[sdk=iphoneos*]" = "iPhone Developer";
				COPY_PHASE_STRIP = NO;
				DEBUG_INFORMATION_FORMAT = "dwarf-with-dsym";
				ENABLE_NS_ASSERTIONS = NO;
				ENABLE_STRICT_OBJC_MSGSEND = YES;
				GCC_C_LANGUAGE_STANDARD = gnu99;
				GCC_NO_COMMON_BLOCKS = YES;
				GCC_WARN_64_TO_32_BIT_CONVERSION = YES;
				GCC_WARN_ABOUT_RETURN_TYPE = YES_ERROR;
				GCC_WARN_UNDECLARED_SELECTOR = YES;
				GCC_WARN_UNINITIALIZED_AUTOS = YES_AGGRESSIVE;
				GCC_WARN_UNUSED_FUNCTION = YES;
				GCC_WARN_UNUSED_VARIABLE = YES;
				IPHONEOS_DEPLOYMENT_TARGET = 9.3;
				MTL_ENABLE_DEBUG_INFO = NO;
				SDKROOT = iphoneos;
				VALIDATE_PRODUCT = YES;
			};
			name = Release;
		};
		C28078DC1D1A57A60088A3EB /* Debug */ = {
			isa = XCBuildConfiguration;
			buildSettings = {
				ASSETCATALOG_COMPILER_APPICON_NAME = AppIcon;
				CODE_SIGN_IDENTITY = "iPhone Developer";
				"CODE_SIGN_IDENTITY[sdk=iphoneos*]" = "iPhone Developer";
				INFOPLIST_FILE = finder/Info.plist;
				LD_RUNPATH_SEARCH_PATHS = "$(inherited) @executable_path/Frameworks";
				PRODUCT_BUNDLE_IDENTIFIER = ctestone.finder;
				PRODUCT_NAME = "$(TARGET_NAME)";
				PROVISIONING_PROFILE = "";
			};
			name = Debug;
		};
		C28078DD1D1A57A60088A3EB /* Release */ = {
			isa = XCBuildConfiguration;
			buildSettings = {
				ASSETCATALOG_COMPILER_APPICON_NAME = AppIcon;
				CODE_SIGN_IDENTITY = "iPhone Developer";
				"CODE_SIGN_IDENTITY[sdk=iphoneos*]" = "iPhone Developer";
				INFOPLIST_FILE = finder/Info.plist;
				LD_RUNPATH_SEARCH_PATHS = "$(inherited) @executable_path/Frameworks";
				PRODUCT_BUNDLE_IDENTIFIER = ctestone.finder;
				PRODUCT_NAME = "$(TARGET_NAME)";
				PROVISIONING_PROFILE = "";
			};
			name = Release;
		};
		C28078DF1D1A57A60088A3EB /* Debug */ = {
			isa = XCBuildConfiguration;
			buildSettings = {
				BUNDLE_LOADER = "$(TEST_HOST)";
				INFOPLIST_FILE = finderTests/Info.plist;
				LD_RUNPATH_SEARCH_PATHS = "$(inherited) @executable_path/Frameworks @loader_path/Frameworks";
				PRODUCT_BUNDLE_IDENTIFIER = ctestone.finderTests;
				PRODUCT_NAME = "$(TARGET_NAME)";
				TEST_HOST = "$(BUILT_PRODUCTS_DIR)/finder.app/finder";
			};
			name = Debug;
		};
		C28078E01D1A57A60088A3EB /* Release */ = {
			isa = XCBuildConfiguration;
			buildSettings = {
				BUNDLE_LOADER = "$(TEST_HOST)";
				INFOPLIST_FILE = finderTests/Info.plist;
				LD_RUNPATH_SEARCH_PATHS = "$(inherited) @executable_path/Frameworks @loader_path/Frameworks";
				PRODUCT_BUNDLE_IDENTIFIER = ctestone.finderTests;
				PRODUCT_NAME = "$(TARGET_NAME)";
				TEST_HOST = "$(BUILT_PRODUCTS_DIR)/finder.app/finder";
			};
			name = Release;
		};
		C28078E21D1A57A60088A3EB /* Debug */ = {
			isa = XCBuildConfiguration;
			buildSettings = {
				INFOPLIST_FILE = finderUITests/Info.plist;
				LD_RUNPATH_SEARCH_PATHS = "$(inherited) @executable_path/Frameworks @loader_path/Frameworks";
				PRODUCT_BUNDLE_IDENTIFIER = ctestone.finderUITests;
				PRODUCT_NAME = "$(TARGET_NAME)";
				TEST_TARGET_NAME = finder;
			};
			name = Debug;
		};
		C28078E31D1A57A60088A3EB /* Release */ = {
			isa = XCBuildConfiguration;
			buildSettings = {
				INFOPLIST_FILE = finderUITests/Info.plist;
				LD_RUNPATH_SEARCH_PATHS = "$(inherited) @executable_path/Frameworks @loader_path/Frameworks";
				PRODUCT_BUNDLE_IDENTIFIER = ctestone.finderUITests;
				PRODUCT_NAME = "$(TARGET_NAME)";
				TEST_TARGET_NAME = finder;
			};
			name = Release;
		};
/* End XCBuildConfiguration section */

/* Begin XCConfigurationList section */
		C28078AE1D1A57A60088A3EB /* Build configuration list for PBXProject "finder" */ = {
			isa = XCConfigurationList;
			buildConfigurations = (
				C28078D91D1A57A60088A3EB /* Debug */,
				C28078DA1D1A57A60088A3EB /* Release */,
			);
			defaultConfigurationIsVisible = 0;
			defaultConfigurationName = Release;
		};
		C28078DB1D1A57A60088A3EB /* Build configuration list for PBXNativeTarget "finder" */ = {
			isa = XCConfigurationList;
			buildConfigurations = (
				C28078DC1D1A57A60088A3EB /* Debug */,
				C28078DD1D1A57A60088A3EB /* Release */,
			);
			defaultConfigurationIsVisible = 0;
		};
		C28078DE1D1A57A60088A3EB /* Build configuration list for PBXNativeTarget "finderTests" */ = {
			isa = XCConfigurationList;
			buildConfigurations = (
				C28078DF1D1A57A60088A3EB /* Debug */,
				C28078E01D1A57A60088A3EB /* Release */,
			);
			defaultConfigurationIsVisible = 0;
		};
		C28078E11D1A57A60088A3EB /* Build configuration list for PBXNativeTarget "finderUITests" */ = {
			isa = XCConfigurationList;
			buildConfigurations = (
				C28078E21D1A57A60088A3EB /* Debug */,
				C28078E31D1A57A60088A3EB /* Release */,
			);
			defaultConfigurationIsVisible = 0;
		};
/* End XCConfigurationList section */
	};
	rootObject = C28078AB1D1A57A60088A3EB /* Project object */;
}
